# THIS IS AN AUTOGENERATED FILE. DO NOT EDIT THIS FILE DIRECTLY.
# yarn lockfile v1


"@vuepress/plugin-google-analytics@^1.0.1":
  version "1.0.1"
  resolved "https://registry.yarnpkg.com/@vuepress/plugin-google-analytics/-/plugin-google-analytics-1.0.1.tgz#b96e5074510d7e1d8da03a696cfac2feea5d941f"
  integrity sha512-bnmS5v24rm3PaNJNd6dMfU7ksjUUJe4OX51uf2zvVl/b39FlpPEvNhhdkwMFZgKVaiJe9mw0XosEaO9Gzm7K7Q==
